
Microsoft Visual Studio Solution File, Format Version 12.00
# Visual Studio Version 17
VisualStudioVersion = 17.0.31903.59
MinimumVisualStudioVersion = 10.0.40219.1
Project("{2150E333-8FDC-42A3-9474-1A3956D46DE8}") = "src", "src", "{14DA105A-73BC-4114-A6B5-F92B3FD4A4EF}"
EndProject
Project("{FAE04EC0-301F-11D3-BF4B-00C04F79EFBC}") = "Aiursoft.Infra.ApiApp.Framework", "src\Aiursoft.Infra.ApiApp.Framework\Aiursoft.Infra.ApiApp.Framework.csproj", "{534B21D7-A77D-4A54-B4E7-E6CB7E4D5DC8}"
EndProject
Project("{FAE04EC0-301F-11D3-BF4B-00C04F79EFBC}") = "Aiursoft.Infra.AppCenter", "src\Aiursoft.Infra.AppCenter\Aiursoft.Infra.AppCenter.csproj", "{73CDE608-9ED6-4C6E-B3FA-850D1D0971CE}"
EndProject
Project("{FAE04EC0-301F-11D3-BF4B-00C04F79EFBC}") = "Aiursoft.Infra.AppCenter.Sdk", "src\Aiursoft.Infra.AppCenter.Sdk\Aiursoft.Infra.AppCenter.Sdk.csproj", "{F3B918D8-3F53-41A3-AF32-2CB94498D700}"
EndProject
Project("{FAE04EC0-301F-11D3-BF4B-00C04F79EFBC}") = "Aiursoft.Infra.Sdk.Framework", "src\Aiursoft.Infra.Sdk.Framework\Aiursoft.Infra.Sdk.Framework.csproj", "{7F4E5465-8EA9-49B7-A014-3AA59B6115E9}"
EndProject
Project("{FAE04EC0-301F-11D3-BF4B-00C04F79EFBC}") = "Aiursoft.Infra.Shared", "src\Aiursoft.Infra.Shared\Aiursoft.Infra.Shared.csproj", "{C0BE029B-F867-4A11-A6AF-238552EAD47D}"
EndProject
Project("{FAE04EC0-301F-11D3-BF4B-00C04F79EFBC}") = "Aiursoft.Infra.WebShared", "src\Aiursoft.Infra.WebShared\Aiursoft.Infra.WebShared.csproj", "{56BB4AC5-5C76-4AA4-94E8-39446AF26087}"
EndProject
Project("{2150E333-8FDC-42A3-9474-1A3956D46DE8}") = "tests", "tests", "{7D8141D4-EED9-4228-B20F-7A5D09DE9250}"
EndProject
Project("{FAE04EC0-301F-11D3-BF4B-00C04F79EFBC}") = "Aiursoft.Infra.AppCenter.Tests", "tests\AppCenter.Tests\Aiursoft.Infra.AppCenter.Tests.csproj", "{DE2FF1F0-6B30-456F-8B20-5104E45CC9D6}"
EndProject
Global
	GlobalSection(SolutionConfigurationPlatforms) = preSolution
		Debug|Any CPU = Debug|Any CPU
		Release|Any CPU = Release|Any CPU
	EndGlobalSection
	GlobalSection(SolutionProperties) = preSolution
		HideSolutionNode = FALSE
	EndGlobalSection
	GlobalSection(NestedProjects) = preSolution
		{534B21D7-A77D-4A54-B4E7-E6CB7E4D5DC8} = {14DA105A-73BC-4114-A6B5-F92B3FD4A4EF}
		{73CDE608-9ED6-4C6E-B3FA-850D1D0971CE} = {14DA105A-73BC-4114-A6B5-F92B3FD4A4EF}
		{F3B918D8-3F53-41A3-AF32-2CB94498D700} = {14DA105A-73BC-4114-A6B5-F92B3FD4A4EF}
		{7F4E5465-8EA9-49B7-A014-3AA59B6115E9} = {14DA105A-73BC-4114-A6B5-F92B3FD4A4EF}
		{C0BE029B-F867-4A11-A6AF-238552EAD47D} = {14DA105A-73BC-4114-A6B5-F92B3FD4A4EF}
		{56BB4AC5-5C76-4AA4-94E8-39446AF26087} = {14DA105A-73BC-4114-A6B5-F92B3FD4A4EF}
		{DE2FF1F0-6B30-456F-8B20-5104E45CC9D6} = {7D8141D4-EED9-4228-B20F-7A5D09DE9250}
	EndGlobalSection
	GlobalSection(ProjectConfigurationPlatforms) = postSolution
		{534B21D7-A77D-4A54-B4E7-E6CB7E4D5DC8}.Debug|Any CPU.ActiveCfg = Debug|Any CPU
		{534B21D7-A77D-4A54-B4E7-E6CB7E4D5DC8}.Debug|Any CPU.Build.0 = Debug|Any CPU
		{534B21D7-A77D-4A54-B4E7-E6CB7E4D5DC8}.Release|Any CPU.ActiveCfg = Release|Any CPU
		{534B21D7-A77D-4A54-B4E7-E6CB7E4D5DC8}.Release|Any CPU.Build.0 = Release|Any CPU
		{73CDE608-9ED6-4C6E-B3FA-850D1D0971CE}.Debug|Any CPU.ActiveCfg = Debug|Any CPU
		{73CDE608-9ED6-4C6E-B3FA-850D1D0971CE}.Debug|Any CPU.Build.0 = Debug|Any CPU
		{73CDE608-9ED6-4C6E-B3FA-850D1D0971CE}.Release|Any CPU.ActiveCfg = Release|Any CPU
		{73CDE608-9ED6-4C6E-B3FA-850D1D0971CE}.Release|Any CPU.Build.0 = Release|Any CPU
		{F3B918D8-3F53-41A3-AF32-2CB94498D700}.Debug|Any CPU.ActiveCfg = Debug|Any CPU
		{F3B918D8-3F53-41A3-AF32-2CB94498D700}.Debug|Any CPU.Build.0 = Debug|Any CPU
		{F3B918D8-3F53-41A3-AF32-2CB94498D700}.Release|Any CPU.ActiveCfg = Release|Any CPU
		{F3B918D8-3F53-41A3-AF32-2CB94498D700}.Release|Any CPU.Build.0 = Release|Any CPU
		{7F4E5465-8EA9-49B7-A014-3AA59B6115E9}.Debug|Any CPU.ActiveCfg = Debug|Any CPU
		{7F4E5465-8EA9-49B7-A014-3AA59B6115E9}.Debug|Any CPU.Build.0 = Debug|Any CPU
		{7F4E5465-8EA9-49B7-A014-3AA59B6115E9}.Release|Any CPU.ActiveCfg = Release|Any CPU
		{7F4E5465-8EA9-49B7-A014-3AA59B6115E9}.Release|Any CPU.Build.0 = Release|Any CPU
		{C0BE029B-F867-4A11-A6AF-238552EAD47D}.Debug|Any CPU.ActiveCfg = Debug|Any CPU
		{C0BE029B-F867-4A11-A6AF-238552EAD47D}.Debug|Any CPU.Build.0 = Debug|Any CPU
		{C0BE029B-F867-4A11-A6AF-238552EAD47D}.Release|Any CPU.ActiveCfg = Release|Any CPU
		{C0BE029B-F867-4A11-A6AF-238552EAD47D}.Release|Any CPU.Build.0 = Release|Any CPU
		{56BB4AC5-5C76-4AA4-94E8-39446AF26087}.Debug|Any CPU.ActiveCfg = Debug|Any CPU
		{56BB4AC5-5C76-4AA4-94E8-39446AF26087}.Debug|Any CPU.Build.0 = Debug|Any CPU
		{56BB4AC5-5C76-4AA4-94E8-39446AF26087}.Release|Any CPU.ActiveCfg = Release|Any CPU
		{56BB4AC5-5C76-4AA4-94E8-39446AF26087}.Release|Any CPU.Build.0 = Release|Any CPU
		{DE2FF1F0-6B30-456F-8B20-5104E45CC9D6}.Debug|Any CPU.ActiveCfg = Debug|Any CPU
		{DE2FF1F0-6B30-456F-8B20-5104E45CC9D6}.Debug|Any CPU.Build.0 = Debug|Any CPU
		{DE2FF1F0-6B30-456F-8B20-5104E45CC9D6}.Release|Any CPU.ActiveCfg = Release|Any CPU
		{DE2FF1F0-6B30-456F-8B20-5104E45CC9D6}.Release|Any CPU.Build.0 = Release|Any CPU
	EndGlobalSection
EndGlobal
